// !$*UTF8*$!
{
	archiveVersion = 1;
	classes = {
	};
	objectVersion = 56;
	objects = {

/* Begin PBXBuildFile section */
		EF23C5072A7C786D00C3726D /* Bubble_LevelApp.swift in Sources */ = {isa = PBXBuildFile; fileRef = EF23C5062A7C786D00C3726D /* Bubble_LevelApp.swift */; };
		EF23C5092A7C786D00C3726D /* ContentView.swift in Sources */ = {isa = PBXBuildFile; fileRef = EF23C5082A7C786D00C3726D /* ContentView.swift */; };
		EF23C50B2A7C786E00C3726D /* Assets.xcassets in Resources */ = {isa = PBXBuildFile; fileRef = EF23C50A2A7C786E00C3726D /* Assets.xcassets */; };
		EF23C50E2A7C786E00C3726D /* Preview Assets.xcassets in Resources */ = {isa = PBXBuildFile; fileRef = EF23C50D2A7C786E00C3726D /* Preview Assets.xcassets */; };
		EF23C5152A7C795900C3726D /* BubbleLevel.swift in Sources */ = {isa = PBXBuildFile; fileRef = EF23C5142A7C795900C3726D /* BubbleLevel.swift */; };
		EF23C5172A7C79BA00C3726D /* BubbleExtension.swift in Sources */ = {isa = PBXBuildFile; fileRef = EF23C5162A7C79BA00C3726D /* BubbleExtension.swift */; };
		EF23C5192A7C79DF00C3726D /* LevelView.swift in Sources */ = {isa = PBXBuildFile; fileRef = EF23C5182A7C79DF00C3726D /* LevelView.swift */; };
		EF23C51B2A7C7A0100C3726D /* MotionDetection.swift in Sources */ = {isa = PBXBuildFile; fileRef = EF23C51A2A7C7A0100C3726D /* MotionDetection.swift */; };
		EF23C51D2A7C7A2300C3726D /* OrientationDataView.swift in Sources */ = {isa = PBXBuildFile; fileRef = EF23C51C2A7C7A2300C3726D /* OrientationDataView.swift */; };
/* End PBXBuildFile section */

/* Begin PBXFileReference section */
		EF23C5032A7C786D00C3726D /* Bubble Level.app */ = {isa = PBXFileReference; explicitFileType = wrapper.application; includeInIndex = 0; path = "Bubble Level.app"; sourceTree = BUILT_PRODUCTS_DIR; };
		EF23C5062A7C786D00C3726D /* Bubble_LevelApp.swift */ = {isa = PBXFileReference; lastKnownFileType = sourcecode.swift; path = Bubble_LevelApp.swift; sourceTree = "<group>"; };
		EF23C5082A7C786D00C3726D /* ContentView.swift */ = {isa = PBXFileReference; lastKnownFileType = sourcecode.swift; path = ContentView.swift; sourceTree = "<group>"; };
		EF23C50A2A7C786E00C3726D /* Assets.xcassets */ = {isa = PBXFileReference; lastKnownFileType = folder.assetcatalog; path = Assets.xcassets; sourceTree = "<group>"; };
		EF23C50D2A7C786E00C3726D /* Preview Assets.xcassets */ = {isa = PBXFileReference; lastKnownFileType = folder.assetcatalog; path = "Preview Assets.xcassets"; sourceTree = "<group>"; };
		EF23C5142A7C795900C3726D /* BubbleLevel.swift */ = {isa = PBXFileReference; lastKnownFileType = sourcecode.swift; path = BubbleLevel.swift; sourceTree = "<group>"; };
		EF23C5162A7C79BA00C3726D /* BubbleExtension.swift */ = {isa = PBXFileReference; lastKnownFileType = sourcecode.swift; path = BubbleExtension.swift; sourceTree = "<group>"; };
		EF23C5182A7C79DF00C3726D /* LevelView.swift */ = {isa = PBXFileReference; lastKnownFileType = sourcecode.swift; path = LevelView.swift; sourceTree = "<group>"; };
		EF23C51A2A7C7A0100C3726D /* MotionDetection.swift */ = {isa = PBXFileReference; lastKnownFileType = sourcecode.swift; path = MotionDetection.swift; sourceTree = "<group>"; };
		EF23C51C2A7C7A2300C3726D /* OrientationDataView.swift */ = {isa = PBXFileReference; lastKnownFileType = sourcecode.swift; path = OrientationDataView.swift; sourceTree = "<group>"; };
/* End PBXFileReference section */

/* Begin PBXFrameworksBuildPhase section */
		EF23C5002A7C786D00C3726D /* Frameworks */ = {
			isa = PBXFrameworksBuildPhase;
			buildActionMask = 2147483647;
			files = (
			);
			runOnlyForDeploymentPostprocessing = 0;
		};
/* End PBXFrameworksBuildPhase section */

/* Begin PBXGroup section */
		EF23C4FA2A7C786D00C3726D = {
			isa = PBXGroup;
			children = (
				EF23C5052A7C786D00C3726D /* Bubble Level */,
				EF23C5042A7C786D00C3726D /* Products */,
			);
			sourceTree = "<group>";
		};
		EF23C5042A7C786D00C3726D /* Products */ = {
			isa = PBXGroup;
			children = (
				EF23C5032A7C786D00C3726D /* Bubble Level.app */,
			);
			name = Products;
			sourceTree = "<group>";
		};
		EF23C5052A7C786D00C3726D /* Bubble Level */ = {
			isa = PBXGroup;
			children = (
				EF23C5062A7C786D00C3726D /* Bubble_LevelApp.swift */,
				EF23C5082A7C786D00C3726D /* ContentView.swift */,
				EF23C5142A7C795900C3726D /* BubbleLevel.swift */,
				EF23C5162A7C79BA00C3726D /* BubbleExtension.swift */,
				EF23C5182A7C79DF00C3726D /* LevelView.swift */,
				EF23C51A2A7C7A0100C3726D /* MotionDetection.swift */,
				EF23C51C2A7C7A2300C3726D /* OrientationDataView.swift */,
				EF23C50A2A7C786E00C3726D /* Assets.xcassets */,
				EF23C50C2A7C786E00C3726D /* Preview Content */,
			);
			path = "Bubble Level";
			sourceTree = "<group>";
		};
		EF23C50C2A7C786E00C3726D /* Preview Content */ = {
			isa = PBXGroup;
			children = (
				EF23C50D2A7C786E00C3726D /* Preview Assets.xcassets */,
			);
			path = "Preview Content";
			sourceTree = "<group>";
		};
/* End PBXGroup section */

/* Begin PBXNativeTarget section */
		EF23C5022A7C786D00C3726D /* Bubble Level */ = {
			isa = PBXNativeTarget;
			buildConfigurationList = EF23C5112A7C786E00C3726D /* Build configuration list for PBXNativeTarget "Bubble Level" */;
			buildPhases = (
				EF23C4FF2A7C786D00C3726D /* Sources */,
				EF23C5002A7C786D00C3726D /* Frameworks */,
				EF23C5012A7C786D00C3726D /* Resources */,
			);
			buildRules = (
			);
			dependencies = (
			);
			name = "Bubble Level";
			productName = "Bubble Level";
			productReference = EF23C5032A7C786D00C3726D /* Bubble Level.app */;
			productType = "com.apple.product-type.application";
		};
/* End PBXNativeTarget section */

/* Begin PBXProject section */
		EF23C4FB2A7C786D00C3726D /* Project object */ = {
			isa = PBXProject;
			attributes = {
				BuildIndependentTargetsInParallel = 1;
				LastSwiftUpdateCheck = 1430;
				LastUpgradeCheck = 1430;
				TargetAttributes = {
					EF23C5022A7C786D00C3726D = {
						CreatedOnToolsVersion = 14.3.1;
					};
				};
			};
			buildConfigurationList = EF23C4FE2A7C786D00C3726D /* Build configuration list for PBXProject "Bubble Level" */;
			compatibilityVersion = "Xcode 14.0";
			developmentRegion = en;
			hasScannedForEncodings = 0;
			knownRegions = (
				en,
				Base,
			);
			mainGroup = EF23C4FA2A7C786D00C3726D;
			productRefGroup = EF23C5042A7C786D00C3726D /* Products */;
			projectDirPath = "";
			projectRoot = "";
			targets = (
				EF23C5022A7C786D00C3726D /* Bubble Level */,
			);
		};
/* End PBXProject section */

/* Begin PBXResourcesBuildPhase section */
		EF23C5012A7C786D00C3726D /* Resources */ = {
			isa = PBXResourcesBuildPhase;
			buildActionMask = 2147483647;
			files = (
				EF23C50E2A7C786E00C3726D /* Preview Assets.xcassets in Resources */,
				EF23C50B2A7C786E00C3726D /* Assets.xcassets in Resources */,
			);
			runOnlyForDeploymentPostprocessing = 0;
		};
/* End PBXResourcesBuildPhase section */

/* Begin PBXSourcesBuildPhase section */
		EF23C4FF2A7C786D00C3726D /* Sources */ = {
			isa = PBXSourcesBuildPhase;
			buildActionMask = 2147483647;
			files = (
				EF23C5092A7C786D00C3726D /* ContentView.swift in Sources */,
				EF23C51D2A7C7A2300C3726D /* OrientationDataView.swift in Sources */,
				EF23C5172A7C79BA00C3726D /* BubbleExtension.swift in Sources */,
				EF23C5072A7C786D00C3726D /* Bubble_LevelApp.swift in Sources */,
				EF23C5152A7C795900C3726D /* BubbleLevel.swift in Sources */,
				EF23C5192A7C79DF00C3726D /* LevelView.swift in Sources */,
				EF23C51B2A7C7A0100C3726D /* MotionDetection.swift in Sources */,
			);
			runOnlyForDeploymentPostprocessing = 0;
		};
/* End PBXSourcesBuildPhase section */

/* Begin XCBuildConfiguration section */
		EF23C50F2A7C786E00C3726D /* Debug */ = {
			isa = XCBuildConfiguration;
			buildSettings = {
				ALWAYS_SEARCH_USER_PATHS = NO;
				CLANG_ANALYZER_NONNULL = YES;
				CLANG_ANALYZER_NUMBER_OBJECT_CONVERSION = YES_AGGRESSIVE;
				CLANG_CXX_LANGUAGE_STANDARD = "gnu++20";
				CLANG_ENABLE_MODULES = YES;
				CLANG_ENABLE_OBJC_ARC = YES;
				CLANG_ENABLE_OBJC_WEAK = YES;
				CLANG_WARN_BLOCK_CAPTURE_AUTORELEASING = YES;
				CLANG_WARN_BOOL_CONVERSION = YES;
				CLANG_WARN_COMMA = YES;
				CLANG_WARN_CONSTANT_CONVERSION = YES;
				CLANG_WARN_DEPRECATED_OBJC_IMPLEMENTATIONS = YES;
				CLANG_WARN_DIRECT_OBJC_ISA_USAGE = YES_ERROR;
				CLANG_WARN_DOCUMENTATION_COMMENTS = YES;
				CLANG_WARN_EMPTY_BODY = YES;
				CLANG_WARN_ENUM_CONVERSION = YES;
				CLANG_WARN_INFINITE_RECURSION = YES;
				CLANG_WARN_INT_CONVERSION = YES;
				CLANG_WARN_NON_LITERAL_NULL_CONVERSION = YES;
				CLANG_WARN_OBJC_IMPLICIT_RETAIN_SELF = YES;
				CLANG_WARN_OBJC_LITERAL_CONVERSION = YES;
				CLANG_WARN_OBJC_ROOT_CLASS = YES_ERROR;
				CLANG_WARN_QUOTED_INCLUDE_IN_FRAMEWORK_HEADER = YES;
				CLANG_WARN_RANGE_LOOP_ANALYSIS = YES;
				CLANG_WARN_STRICT_PROTOTYPES = YES;
				CLANG_WARN_SUSPICIOUS_MOVE = YES;
				CLANG_WARN_UNGUARDED_AVAILABILITY = YES_AGGRESSIVE;
				CLANG_WARN_UNREACHABLE_CODE = YES;
				CLANG_WARN__DUPLICATE_METHOD_MATCH = YES;
				COPY_PHASE_STRIP = NO;
				DEBUG_INFORMATION_FORMAT = dwarf;
				ENABLE_STRICT_OBJC_MSGSEND = YES;
				ENABLE_TESTABILITY = YES;
				GCC_C_LANGUAGE_STANDARD = gnu11;
				GCC_DYNAMIC_NO_PIC = NO;
				GCC_NO_COMMON_BLOCKS = YES;
				GCC_OPTIMIZATION_LEVEL = 0;
				GCC_PREPROCESSOR_DEFINITIONS = (
					"DEBUG=1",
					"$(inherited)",
				);
				GCC_WARN_64_TO_32_BIT_CONVERSION = YES;
				GCC_WARN_ABOUT_RETURN_TYPE = YES_ERROR;
				GCC_WARN_UNDECLARED_SELECTOR = YES;
				GCC_WARN_UNINITIALIZED_AUTOS = YES_AGGRESSIVE;
				GCC_WARN_UNUSED_FUNCTION = YES;
				GCC_WARN_UNUSED_VARIABLE = YES;
				IPHONEOS_DEPLOYMENT_TARGET = 16.4;
				MTL_ENABLE_DEBUG_INFO = INCLUDE_SOURCE;
				MTL_FAST_MATH = YES;
				ONLY_ACTIVE_ARCH = YES;
				SDKROOT = iphoneos;
				SWIFT_ACTIVE_COMPILATION_CONDITIONS = DEBUG;
				SWIFT_OPTIMIZATION_LEVEL = "-Onone";
			};
			name = Debug;
		};
		EF23C5102A7C786E00C3726D /* Release */ = {
			isa = XCBuildConfiguration;
			buildSettings = {
				ALWAYS_SEARCH_USER_PATHS = NO;
				CLANG_ANALYZER_NONNULL = YES;
				CLANG_ANALYZER_NUMBER_OBJECT_CONVERSION = YES_AGGRESSIVE;
				CLANG_CXX_LANGUAGE_STANDARD = "gnu++20";
				CLANG_ENABLE_MODULES = YES;
				CLANG_ENABLE_OBJC_ARC = YES;
				CLANG_ENABLE_OBJC_WEAK = YES;
				CLANG_WARN_BLOCK_CAPTURE_AUTORELEASING = YES;
				CLANG_WARN_BOOL_CONVERSION = YES;
				CLANG_WARN_COMMA = YES;
				CLANG_WARN_CONSTANT_CONVERSION = YES;
				CLANG_WARN_DEPRECATED_OBJC_IMPLEMENTATIONS = YES;
				CLANG_WARN_DIRECT_OBJC_ISA_USAGE = YES_ERROR;
				CLANG_WARN_DOCUMENTATION_COMMENTS = YES;
				CLANG_WARN_EMPTY_BODY = YES;
				CLANG_WARN_ENUM_CONVERSION = YES;
				CLANG_WARN_INFINITE_RECURSION = YES;
				CLANG_WARN_INT_CONVERSION = YES;
				CLANG_WARN_NON_LITERAL_NULL_CONVERSION = YES;
				CLANG_WARN_OBJC_IMPLICIT_RETAIN_SELF = YES;
				CLANG_WARN_OBJC_LITERAL_CONVERSION = YES;
				CLANG_WARN_OBJC_ROOT_CLASS = YES_ERROR;
				CLANG_WARN_QUOTED_INCLUDE_IN_FRAMEWORK_HEADER = YES;
				CLANG_WARN_RANGE_LOOP_ANALYSIS = YES;
				CLANG_WARN_STRICT_PROTOTYPES = YES;
				CLANG_WARN_SUSPICIOUS_MOVE = YES;
				CLANG_WARN_UNGUARDED_AVAILABILITY = YES_AGGRESSIVE;
				CLANG_WARN_UNREACHABLE_CODE = YES;
				CLANG_WARN__DUPLICATE_METHOD_MATCH = YES;
				COPY_PHASE_STRIP = NO;
				DEBUG_INFORMATION_FORMAT = "dwarf-with-dsym";
				ENABLE_NS_ASSERTIONS = NO;
				ENABLE_STRICT_OBJC_MSGSEND = YES;
				GCC_C_LANGUAGE_STANDARD = gnu11;
				GCC_NO_COMMON_BLOCKS = YES;
				GCC_WARN_64_TO_32_BIT_CONVERSION = YES;
				GCC_WARN_ABOUT_RETURN_TYPE = YES_ERROR;
				GCC_WARN_UNDECLARED_SELECTOR = YES;
				GCC_WARN_UNINITIALIZED_AUTOS = YES_AGGRESSIVE;
				GCC_WARN_UNUSED_FUNCTION = YES;
				GCC_WARN_UNUSED_VARIABLE = YES;
				IPHONEOS_DEPLOYMENT_TARGET = 16.4;
				MTL_ENABLE_DEBUG_INFO = NO;
				MTL_FAST_MATH = YES;
				SDKROOT = iphoneos;
				SWIFT_COMPILATION_MODE = wholemodule;
				SWIFT_OPTIMIZATION_LEVEL = "-O";
				VALIDATE_PRODUCT = YES;
			};
			name = Release;
		};
		EF23C5122A7C786E00C3726D /* Debug */ = {
			isa = XCBuildConfiguration;
			buildSettings = {
				ASSETCATALOG_COMPILER_APPICON_NAME = AppIcon;
				ASSETCATALOG_COMPILER_GLOBAL_ACCENT_COLOR_NAME = AccentColor;
				CODE_SIGN_STYLE = Automatic;
				CURRENT_PROJECT_VERSION = 1;
				DEVELOPMENT_ASSET_PATHS = "\"Bubble Level/Preview Content\"";
				DEVELOPMENT_TEAM = ZVH6XSDGG7;
				ENABLE_PREVIEWS = YES;
				GENERATE_INFOPLIST_FILE = YES;
				INFOPLIST_KEY_UIApplicationSceneManifest_Generation = YES;
				INFOPLIST_KEY_UIApplicationSupportsIndirectInputEvents = YES;
				INFOPLIST_KEY_UILaunchScreen_Generation = YES;
				INFOPLIST_KEY_UISupportedInterfaceOrientations_iPad = "UIInterfaceOrientationPortrait UIInterfaceOrientationPortraitUpsideDown UIInterfaceOrientationLandscapeLeft UIInterfaceOrientationLandscapeRight";
				INFOPLIST_KEY_UISupportedInterfaceOrientations_iPhone = "UIInterfaceOrientationPortrait UIInterfaceOrientationLandscapeLeft UIInterfaceOrientationLandscapeRight";
				LD_RUNPATH_SEARCH_PATHS = (
					"$(inherited)",
					"@executable_path/Frameworks",
				);
				MARKETING_VERSION = 1.0;
				PRODUCT_BUNDLE_IDENTIFIER = "com.marquezgabriel.Bubble-Level";
				PRODUCT_NAME = "$(TARGET_NAME)";
				SWIFT_EMIT_LOC_STRINGS = YES;
				SWIFT_VERSION = 5.0;
				TARGETED_DEVICE_FAMILY = "1,2";
			};
			name = Debug;
		};
		EF23C5132A7C786E00C3726D /* Release */ = {
			isa = XCBuildConfiguration;
			buildSettings = {
				ASSETCATALOG_COMPILER_APPICON_NAME = AppIcon;
				ASSETCATALOG_COMPILER_GLOBAL_ACCENT_COLOR_NAME = AccentColor;
				CODE_SIGN_STYLE = Automatic;
				CURRENT_PROJECT_VERSION = 1;
				DEVELOPMENT_ASSET_PATHS = "\"Bubble Level/Preview Content\"";
				DEVELOPMENT_TEAM = ZVH6XSDGG7;
				ENABLE_PREVIEWS = YES;
				GENERATE_INFOPLIST_FILE = YES;
				INFOPLIST_KEY_UIApplicationSceneManifest_Generation = YES;
				INFOPLIST_KEY_UIApplicationSupportsIndirectInputEvents = YES;
				INFOPLIST_KEY_UILaunchScreen_Generation = YES;
				INFOPLIST_KEY_UISupportedInterfaceOrientations_iPad = "UIInterfaceOrientationPortrait UIInterfaceOrientationPortraitUpsideDown UIInterfaceOrientationLandscapeLeft UIInterfaceOrientationLandscapeRight";
				INFOPLIST_KEY_UISupportedInterfaceOrientations_iPhone = "UIInterfaceOrientationPortrait UIInterfaceOrientationLandscapeLeft UIInterfaceOrientationLandscapeRight";
				LD_RUNPATH_SEARCH_PATHS = (
					"$(inherited)",
					"@executable_path/Frameworks",
				);
				MARKETING_VERSION = 1.0;
				PRODUCT_BUNDLE_IDENTIFIER = "com.marquezgabriel.Bubble-Level";
				PRODUCT_NAME = "$(TARGET_NAME)";
				SWIFT_EMIT_LOC_STRINGS = YES;
				SWIFT_VERSION = 5.0;
				TARGETED_DEVICE_FAMILY = "1,2";
			};
			name = Release;
		};
/* End XCBuildConfiguration section */

/* Begin XCConfigurationList section */
		EF23C4FE2A7C786D00C3726D /* Build configuration list for PBXProject "Bubble Level" */ = {
			isa = XCConfigurationList;
			buildConfigurations = (
				EF23C50F2A7C786E00C3726D /* Debug */,
				EF23C5102A7C786E00C3726D /* Release */,
			);
			defaultConfigurationIsVisible = 0;
			defaultConfigurationName = Release;
		};
		EF23C5112A7C786E00C3726D /* Build configuration list for PBXNativeTarget "Bubble Level" */ = {
			isa = XCConfigurationList;
			buildConfigurations = (
				EF23C5122A7C786E00C3726D /* Debug */,
				EF23C5132A7C786E00C3726D /* Release */,
			);
			defaultConfigurationIsVisible = 0;
			defaultConfigurationName = Release;
		};
/* End XCConfigurationList section */
	};
	rootObject = EF23C4FB2A7C786D00C3726D /* Project object */;
}
